
Microsoft Visual Studio Solution File, Format Version 12.00
# Visual Studio 15
VisualStudioVersion = 15.0.27703.2026
MinimumVisualStudioVersion = 10.0.40219.1
Project("{FAE04EC0-301F-11D3-BF4B-00C04F79EFBC}") = "XSLT_Reader", "XSLT_Reader\XSLT_Reader.csproj", "{944BA973-83E2-4AF1-A39A-1BC5172704F6}"
EndProject
Project("{2150E333-8FDC-42A3-9474-1A3956D46DE8}") = "Solution Items", "Solution Items", "{AD8BAECF-EC22-4EF1-B63D-0135B6F9E88B}"
	ProjectSection(SolutionItems) = preProject
		data.xml = data.xml
		package.xslt = package.xslt
	EndProjectSection
EndProject
Global
	GlobalSection(SolutionConfigurationPlatforms) = preSolution
		Debug|Any CPU = Debug|Any CPU
		Release|Any CPU = Release|Any CPU
	EndGlobalSection
	GlobalSection(ProjectConfigurationPlatforms) = postSolution
		{944BA973-83E2-4AF1-A39A-1BC5172704F6}.Debug|Any CPU.ActiveCfg = Debug|Any CPU
		{944BA973-83E2-4AF1-A39A-1BC5172704F6}.Debug|Any CPU.Build.0 = Debug|Any CPU
		{944BA973-83E2-4AF1-A39A-1BC5172704F6}.Release|Any CPU.ActiveCfg = Release|Any CPU
		{944BA973-83E2-4AF1-A39A-1BC5172704F6}.Release|Any CPU.Build.0 = Release|Any CPU
	EndGlobalSection
	GlobalSection(SolutionProperties) = preSolution
		HideSolutionNode = FALSE
	EndGlobalSection
	GlobalSection(ExtensibilityGlobals) = postSolution
		SolutionGuid = {0BAEC3A9-DB11-4C17-B44A-9D1914532415}
	EndGlobalSection
EndGlobal
